
Microsoft Visual Studio Solution File, Format Version 12.00
# Visual Studio Version 17
VisualStudioVersion = 17.2.32616.157
MinimumVisualStudioVersion = 10.0.40219.1
Project("{FAE04EC0-301F-11D3-BF4B-00C04F79EFBC}") = "Enum", "Enum.csproj", "{6AB3010C-B246-42BC-BD8F-D57F206CA26A}"
EndProject
Global
	GlobalSection(SolutionConfigurationPlatforms) = preSolution
		Debug|Any CPU = Debug|Any CPU
		Release|Any CPU = Release|Any CPU
	EndGlobalSection
	GlobalSection(ProjectConfigurationPlatforms) = postSolution
		{6AB3010C-B246-42BC-BD8F-D57F206CA26A}.Debug|Any CPU.ActiveCfg = Debug|Any CPU
		{6AB3010C-B246-42BC-BD8F-D57F206CA26A}.Debug|Any CPU.Build.0 = Debug|Any CPU
		{6AB3010C-B246-42BC-BD8F-D57F206CA26A}.Release|Any CPU.ActiveCfg = Release|Any CPU
		{6AB3010C-B246-42BC-BD8F-D57F206CA26A}.Release|Any CPU.Build.0 = Release|Any CPU
	EndGlobalSection
	GlobalSection(SolutionProperties) = preSolution
		HideSolutionNode = FALSE
	EndGlobalSection
	GlobalSection(ExtensibilityGlobals) = postSolution
		SolutionGuid = {180A3F69-A555-4DEA-9EFD-ABF2472C42A0}
	EndGlobalSection
EndGlobal
